
Microsoft Visual Studio Solution File, Format Version 12.00
# Visual Studio Version 16
VisualStudioVersion = 16.0.30114.105
MinimumVisualStudioVersion = 10.0.40219.1
Project("{2150E333-8FDC-42A3-9474-1A3956D46DE8}") = "src", "src", "{510F6B19-9D7A-4F93-B10B-8758B50FC3D2}"
EndProject
Project("{FAE04EC0-301F-11D3-BF4B-00C04F79EFBC}") = "GradeBook", "src\GradeBook\GradeBook.csproj", "{1FFCFC49-55DE-475E-B568-481D27370BE5}"
EndProject
Project("{2150E333-8FDC-42A3-9474-1A3956D46DE8}") = "test", "test", "{28A19C45-4103-4257-9399-3CA7BE0650B0}"
EndProject
Project("{FAE04EC0-301F-11D3-BF4B-00C04F79EFBC}") = "Gradebook.Tests", "test\Gradebook.Tests\Gradebook.Tests.csproj", "{23268E25-6BD9-419E-A9AE-AD38D210808D}"
EndProject
Global
	GlobalSection(SolutionConfigurationPlatforms) = preSolution
		Debug|Any CPU = Debug|Any CPU
		Release|Any CPU = Release|Any CPU
	EndGlobalSection
	GlobalSection(SolutionProperties) = preSolution
		HideSolutionNode = FALSE
	EndGlobalSection
	GlobalSection(ProjectConfigurationPlatforms) = postSolution
		{1FFCFC49-55DE-475E-B568-481D27370BE5}.Debug|Any CPU.ActiveCfg = Debug|Any CPU
		{1FFCFC49-55DE-475E-B568-481D27370BE5}.Debug|Any CPU.Build.0 = Debug|Any CPU
		{1FFCFC49-55DE-475E-B568-481D27370BE5}.Release|Any CPU.ActiveCfg = Release|Any CPU
		{1FFCFC49-55DE-475E-B568-481D27370BE5}.Release|Any CPU.Build.0 = Release|Any CPU
		{23268E25-6BD9-419E-A9AE-AD38D210808D}.Debug|Any CPU.ActiveCfg = Debug|Any CPU
		{23268E25-6BD9-419E-A9AE-AD38D210808D}.Debug|Any CPU.Build.0 = Debug|Any CPU
		{23268E25-6BD9-419E-A9AE-AD38D210808D}.Release|Any CPU.ActiveCfg = Release|Any CPU
		{23268E25-6BD9-419E-A9AE-AD38D210808D}.Release|Any CPU.Build.0 = Release|Any CPU
	EndGlobalSection
	GlobalSection(NestedProjects) = preSolution
		{1FFCFC49-55DE-475E-B568-481D27370BE5} = {510F6B19-9D7A-4F93-B10B-8758B50FC3D2}
		{23268E25-6BD9-419E-A9AE-AD38D210808D} = {28A19C45-4103-4257-9399-3CA7BE0650B0}
	EndGlobalSection
EndGlobal
